# generated by rye
# use `rye lock` or `rye sync` to update this lockfile
#
# last locked with the following flags:
#   pre: false
#   features: []
#   all-features: false
#   with-sources: false
#   generate-hashes: false
#   universal: false

-e file:.
accelerate==1.6.0
    # via lockerai-reranking
    # via peft
    # via trl
aiohappyeyeballs==2.4.6
    # via aiohttp
aiohttp==3.11.12
    # via datasets
    # via fsspec
aiosignal==1.3.2
    # via aiohttp
annotated-types==0.7.0
    # via pydantic
antlr4-python3-runtime==4.9.3
    # via hydra-core
    # via omegaconf
attrs==25.1.0
    # via aiohttp
certifi==2025.1.31
    # via requests
    # via sentry-sdk
charset-normalizer==3.4.1
    # via requests
click==8.1.8
    # via wandb
datasets==3.5.1
    # via evaluate
    # via lockerai-reranking
    # via trl
deepspeed==0.16.7
    # via lockerai-reranking
dill==0.3.8
    # via datasets
    # via evaluate
    # via multiprocess
docker-pycreds==0.4.0
    # via wandb
einops==0.8.1
    # via deepspeed
evaluate==0.4.3
    # via lockerai-reranking
filelock==3.17.0
    # via datasets
    # via huggingface-hub
    # via torch
    # via transformers
frozenlist==1.5.0
    # via aiohttp
    # via aiosignal
fsspec==2024.9.0
    # via datasets
    # via evaluate
    # via huggingface-hub
    # via torch
gitdb==4.0.12
    # via gitpython
gitpython==3.1.44
    # via wandb
hjson==3.1.0
    # via deepspeed
huggingface-hub==0.30.2
    # via accelerate
    # via datasets
    # via evaluate
    # via lockerai-reranking
    # via peft
    # via tokenizers
    # via transformers
hydra-core==1.3.2
    # via lockerai-reranking
idna==3.10
    # via requests
    # via yarl
jinja2==3.1.5
    # via torch
lefthook==1.11.12
markdown-it-py==3.0.0
    # via rich
markupsafe==3.0.2
    # via jinja2
mdurl==0.1.2
    # via markdown-it-py
mpmath==1.3.0
    # via sympy
msgpack==1.1.0
    # via deepspeed
multidict==6.1.0
    # via aiohttp
    # via yarl
multiprocess==0.70.16
    # via datasets
    # via evaluate
networkx==3.4.2
    # via torch
ninja==1.11.1.3
    # via deepspeed
numpy==2.2.2
    # via accelerate
    # via datasets
    # via deepspeed
    # via evaluate
    # via pandas
    # via peft
    # via transformers
omegaconf==2.3.0
    # via hydra-core
    # via lockerai-reranking
packaging==24.2
    # via accelerate
    # via datasets
    # via deepspeed
    # via evaluate
    # via huggingface-hub
    # via hydra-core
    # via peft
    # via transformers
pandas==2.2.3
    # via datasets
    # via evaluate
peft==0.15.2
    # via lockerai-reranking
platformdirs==4.3.6
    # via wandb
propcache==0.2.1
    # via aiohttp
    # via yarl
protobuf==5.29.3
    # via wandb
psutil==6.1.1
    # via accelerate
    # via deepspeed
    # via peft
    # via wandb
py-cpuinfo==9.0.0
    # via deepspeed
pyarrow==19.0.0
    # via datasets
pydantic==2.10.6
    # via deepspeed
    # via wandb
pydantic-core==2.27.2
    # via pydantic
pygments==2.19.1
    # via rich
python-dateutil==2.9.0.post0
    # via pandas
python-dotenv==1.1.0
    # via lockerai-reranking
pytz==2025.1
    # via pandas
pyyaml==6.0.2
    # via accelerate
    # via datasets
    # via huggingface-hub
    # via omegaconf
    # via peft
    # via transformers
    # via wandb
regex==2024.11.6
    # via transformers
requests==2.32.3
    # via datasets
    # via evaluate
    # via huggingface-hub
    # via transformers
    # via wandb
rich==13.9.4
    # via trl
ruff==0.11.7
safetensors==0.5.2
    # via accelerate
    # via peft
    # via transformers
schedulefree==1.4.1
    # via lockerai-reranking
sentry-sdk==2.20.0
    # via wandb
setproctitle==1.3.4
    # via wandb
setuptools==75.8.0
    # via torch
    # via wandb
six==1.17.0
    # via docker-pycreds
    # via python-dateutil
smmap==5.0.2
    # via gitdb
sympy==1.14.0
    # via torch
tokenizers==0.21.0
    # via transformers
torch==2.7.0
    # via accelerate
    # via deepspeed
    # via lockerai-reranking
    # via peft
    # via schedulefree
tqdm==4.67.1
    # via datasets
    # via deepspeed
    # via evaluate
    # via huggingface-hub
    # via lockerai-reranking
    # via peft
    # via transformers
transformers==4.51.3
    # via lockerai-reranking
    # via peft
    # via trl
trl==0.17.0
    # via lockerai-reranking
typing-extensions==4.12.2
    # via huggingface-hub
    # via pydantic
    # via pydantic-core
    # via schedulefree
    # via torch
    # via wandb
tzdata==2025.1
    # via pandas
urllib3==2.3.0
    # via requests
    # via sentry-sdk
wandb==0.19.10
    # via lockerai-reranking
xxhash==3.5.0
    # via datasets
    # via evaluate
yarl==1.18.3
    # via aiohttp
